
Microsoft Visual Studio Solution File, Format Version 12.00
# Visual Studio Version 16
VisualStudioVersion = 16.0.30517.126
MinimumVisualStudioVersion = 10.0.40219.1
Project("{FAE04EC0-301F-11D3-BF4B-00C04F79EFBC}") = "AK8PO", "AK8PO\AK8PO.csproj", "{AF54E1A2-9EB8-4DEB-95CA-5FAFF1A48767}"
EndProject
Global
	GlobalSection(SolutionConfigurationPlatforms) = preSolution
		Debug|Any CPU = Debug|Any CPU
		Release|Any CPU = Release|Any CPU
	EndGlobalSection
	GlobalSection(ProjectConfigurationPlatforms) = postSolution
		{AF54E1A2-9EB8-4DEB-95CA-5FAFF1A48767}.Debug|Any CPU.ActiveCfg = Debug|Any CPU
		{AF54E1A2-9EB8-4DEB-95CA-5FAFF1A48767}.Debug|Any CPU.Build.0 = Debug|Any CPU
		{AF54E1A2-9EB8-4DEB-95CA-5FAFF1A48767}.Release|Any CPU.ActiveCfg = Release|Any CPU
		{AF54E1A2-9EB8-4DEB-95CA-5FAFF1A48767}.Release|Any CPU.Build.0 = Release|Any CPU
	EndGlobalSection
	GlobalSection(SolutionProperties) = preSolution
		HideSolutionNode = FALSE
	EndGlobalSection
	GlobalSection(ExtensibilityGlobals) = postSolution
		SolutionGuid = {594B8A2B-CFB4-45FA-BD14-04991A65EFDF}
	EndGlobalSection
EndGlobal
